<?xml version="1.0" encoding="utf-8"?>
<Project ToolsVersion="17.0" xmlns="http://schemas.microsoft.com/developer/msbuild/2003">
  <ItemGroup>
    <ClCompile Include="D:\Git\database_of_restaurants\src\database_of_restaurants.cpp">
      <Filter>Source Files</Filter>
    </ClCompile>
    <ClCompile Include="D:\Git\database_of_restaurants\src\restaurant_list.cpp">
      <Filter>Source Files</Filter>
    </ClCompile>
    <ClCompile Include="D:\Git\database_of_restaurants\src\review_list.cpp">
      <Filter>Source Files</Filter>
    </ClCompile>
    <ClCompile Include="D:\Git\database_of_restaurants\src\menu_list.cpp">
      <Filter>Source Files</Filter>
    </ClCompile>
    <ClCompile Include="D:\Git\database_of_restaurants\src\functions.cpp">
      <Filter>Source Files</Filter>
    </ClCompile>
    <ClCompile Include="D:\Git\database_of_restaurants\src\work_with_all_lists.cpp">
      <Filter>Source Files</Filter>
    </ClCompile>
    <ClCompile Include="D:\Git\database_of_restaurants\src\work_with_restaurants.cpp">
      <Filter>Source Files</Filter>
    </ClCompile>
    <ClCompile Include="D:\Git\database_of_restaurants\src\work_with_reviews.cpp">
      <Filter>Source Files</Filter>
    </ClCompile>
    <ClCompile Include="D:\Git\database_of_restaurants\src\work_with_menus.cpp">
      <Filter>Source Files</Filter>
    </ClCompile>
  </ItemGroup>
  <ItemGroup>
    <ClInclude Include="D:\Git\database_of_restaurants\src\database_of_restaurants.h">
      <Filter>Header Files</Filter>
    </ClInclude>
    <ClInclude Include="D:\Git\database_of_restaurants\src\imports.h">
      <Filter>Header Files</Filter>
    </ClInclude>
    <ClInclude Include="D:\Git\database_of_restaurants\src\restaurant_list.h">
      <Filter>Header Files</Filter>
    </ClInclude>
    <ClInclude Include="D:\Git\database_of_restaurants\src\review_list.h">
      <Filter>Header Files</Filter>
    </ClInclude>
    <ClInclude Include="D:\Git\database_of_restaurants\src\menu_list.h">
      <Filter>Header Files</Filter>
    </ClInclude>
    <ClInclude Include="D:\Git\database_of_restaurants\src\functions.h">
      <Filter>Header Files</Filter>
    </ClInclude>
    <ClInclude Include="D:\Git\database_of_restaurants\src\work_with_all_lists.h">
      <Filter>Header Files</Filter>
    </ClInclude>
    <ClInclude Include="D:\Git\database_of_restaurants\src\work_with_restaurants.h">
      <Filter>Header Files</Filter>
    </ClInclude>
    <ClInclude Include="D:\Git\database_of_restaurants\src\work_with_reviews.h">
      <Filter>Header Files</Filter>
    </ClInclude>
    <ClInclude Include="D:\Git\database_of_restaurants\src\work_with_menus.h">
      <Filter>Header Files</Filter>
    </ClInclude>
  </ItemGroup>
  <ItemGroup>
    <CustomBuild Include="D:\Git\database_of_restaurants\src\CMakeLists.txt" />
  </ItemGroup>
  <ItemGroup>
    <Filter Include="Header Files">
      <UniqueIdentifier>{CE9EC0CB-A0B2-327E-8CF4-CDE905BE0242}</UniqueIdentifier>
    </Filter>
    <Filter Include="Source Files">
      <UniqueIdentifier>{2E46F5BA-C688-3318-9515-5B94B41ED8BF}</UniqueIdentifier>
    </Filter>
  </ItemGroup>
</Project>
